
Microsoft Visual Studio Solution File, Format Version 12.00
# Visual Studio Version 17
VisualStudioVersion = 17.2.32602.215
MinimumVisualStudioVersion = 10.0.40219.1
Project("{FAE04EC0-301F-11D3-BF4B-00C04F79EFBC}") = "OffRoadPortal", "OffRoadPortal\OffRoadPortal.csproj", "{1F2D1A01-AAD9-4764-B050-E2D1C666238B}"
EndProject
Global
	GlobalSection(SolutionConfigurationPlatforms) = preSolution
		Debug|Any CPU = Debug|Any CPU
		Release|Any CPU = Release|Any CPU
	EndGlobalSection
	GlobalSection(ProjectConfigurationPlatforms) = postSolution
		{1F2D1A01-AAD9-4764-B050-E2D1C666238B}.Debug|Any CPU.ActiveCfg = Debug|Any CPU
		{1F2D1A01-AAD9-4764-B050-E2D1C666238B}.Debug|Any CPU.Build.0 = Debug|Any CPU
		{1F2D1A01-AAD9-4764-B050-E2D1C666238B}.Release|Any CPU.ActiveCfg = Release|Any CPU
		{1F2D1A01-AAD9-4764-B050-E2D1C666238B}.Release|Any CPU.Build.0 = Release|Any CPU
	EndGlobalSection
	GlobalSection(SolutionProperties) = preSolution
		HideSolutionNode = FALSE
	EndGlobalSection
	GlobalSection(ExtensibilityGlobals) = postSolution
		SolutionGuid = {7D49ED2A-E57F-4960-81B2-D48BD55C7CBC}
	EndGlobalSection
EndGlobal
